
Microsoft Visual Studio Solution File, Format Version 12.00
# Visual Studio Version 17
VisualStudioVersion = 17.9.34607.119
MinimumVisualStudioVersion = 10.0.40219.1
Project("{9A19103F-16F7-4668-BE54-9A1E7A4F7556}") = "LHB_websiteV2", "LHB_websiteV2.csproj", "{B2BB08BF-AA40-46A4-84DA-7555986DB2C9}"
EndProject
Global
	GlobalSection(SolutionConfigurationPlatforms) = preSolution
		Debug|Any CPU = Debug|Any CPU
		Release|Any CPU = Release|Any CPU
	EndGlobalSection
	GlobalSection(ProjectConfigurationPlatforms) = postSolution
		{B2BB08BF-AA40-46A4-84DA-7555986DB2C9}.Debug|Any CPU.ActiveCfg = Debug|Any CPU
		{B2BB08BF-AA40-46A4-84DA-7555986DB2C9}.Debug|Any CPU.Build.0 = Debug|Any CPU
		{B2BB08BF-AA40-46A4-84DA-7555986DB2C9}.Release|Any CPU.ActiveCfg = Release|Any CPU
		{B2BB08BF-AA40-46A4-84DA-7555986DB2C9}.Release|Any CPU.Build.0 = Release|Any CPU
	EndGlobalSection
	GlobalSection(SolutionProperties) = preSolution
		HideSolutionNode = FALSE
	EndGlobalSection
	GlobalSection(ExtensibilityGlobals) = postSolution
		SolutionGuid = {B0CC1AD2-947E-4299-9960-75C5CA71A932}
	EndGlobalSection
EndGlobal
